
Microsoft Visual Studio Solution File, Format Version 11.00
# Visual Studio 2010
Project("{FAE04EC0-301F-11D3-BF4B-00C04F79EFBC}") = "DNACreator", "DNACreator\DNACreator.csproj", "{9863324F-55B2-4607-9C52-18928AC091F0}"
EndProject
Project("{FAE04EC0-301F-11D3-BF4B-00C04F79EFBC}") = "DNACreatorTest", "DNACreatorTest\DNACreatorTest.csproj", "{AAC87E18-A80E-42B8-B015-66B0BA164B72}"
EndProject
Project("{2150E333-8FDC-42A3-9474-1A3956D46DE8}") = "Solution Items", "Solution Items", "{3DF7C8EB-3FB4-4E58-843F-1C1CBBCCE371}"
	ProjectSection(SolutionItems) = preProject
		DNACreator.vsmdi = DNACreator.vsmdi
		Local.testsettings = Local.testsettings
		TraceAndTestImpact.testsettings = TraceAndTestImpact.testsettings
	EndProjectSection
EndProject
Global
	GlobalSection(TestCaseManagementSettings) = postSolution
		CategoryFile = DNACreator.vsmdi
	EndGlobalSection
	GlobalSection(SolutionConfigurationPlatforms) = preSolution
		Debug|Any CPU = Debug|Any CPU
		Debug|Mixed Platforms = Debug|Mixed Platforms
		Debug|x86 = Debug|x86
		Release|Any CPU = Release|Any CPU
		Release|Mixed Platforms = Release|Mixed Platforms
		Release|x86 = Release|x86
	EndGlobalSection
	GlobalSection(ProjectConfigurationPlatforms) = postSolution
		{9863324F-55B2-4607-9C52-18928AC091F0}.Debug|Any CPU.ActiveCfg = Debug|x86
		{9863324F-55B2-4607-9C52-18928AC091F0}.Debug|Mixed Platforms.ActiveCfg = Debug|x86
		{9863324F-55B2-4607-9C52-18928AC091F0}.Debug|Mixed Platforms.Build.0 = Debug|x86
		{9863324F-55B2-4607-9C52-18928AC091F0}.Debug|x86.ActiveCfg = Debug|x86
		{9863324F-55B2-4607-9C52-18928AC091F0}.Debug|x86.Build.0 = Debug|x86
		{9863324F-55B2-4607-9C52-18928AC091F0}.Release|Any CPU.ActiveCfg = Release|x86
		{9863324F-55B2-4607-9C52-18928AC091F0}.Release|Mixed Platforms.ActiveCfg = Release|x86
		{9863324F-55B2-4607-9C52-18928AC091F0}.Release|Mixed Platforms.Build.0 = Release|x86
		{9863324F-55B2-4607-9C52-18928AC091F0}.Release|x86.ActiveCfg = Release|x86
		{9863324F-55B2-4607-9C52-18928AC091F0}.Release|x86.Build.0 = Release|x86
		{AAC87E18-A80E-42B8-B015-66B0BA164B72}.Debug|Any CPU.ActiveCfg = Debug|Any CPU
		{AAC87E18-A80E-42B8-B015-66B0BA164B72}.Debug|Any CPU.Build.0 = Debug|Any CPU
		{AAC87E18-A80E-42B8-B015-66B0BA164B72}.Debug|Mixed Platforms.ActiveCfg = Debug|Any CPU
		{AAC87E18-A80E-42B8-B015-66B0BA164B72}.Debug|Mixed Platforms.Build.0 = Debug|Any CPU
		{AAC87E18-A80E-42B8-B015-66B0BA164B72}.Debug|x86.ActiveCfg = Debug|Any CPU
		{AAC87E18-A80E-42B8-B015-66B0BA164B72}.Release|Any CPU.ActiveCfg = Release|Any CPU
		{AAC87E18-A80E-42B8-B015-66B0BA164B72}.Release|Any CPU.Build.0 = Release|Any CPU
		{AAC87E18-A80E-42B8-B015-66B0BA164B72}.Release|Mixed Platforms.ActiveCfg = Release|Any CPU
		{AAC87E18-A80E-42B8-B015-66B0BA164B72}.Release|Mixed Platforms.Build.0 = Release|Any CPU
		{AAC87E18-A80E-42B8-B015-66B0BA164B72}.Release|x86.ActiveCfg = Release|Any CPU
	EndGlobalSection
	GlobalSection(SolutionProperties) = preSolution
		HideSolutionNode = FALSE
	EndGlobalSection
EndGlobal
