
Microsoft Visual Studio Solution File, Format Version 11.00
# Visual Studio 2010
Project("{FAE04EC0-301F-11D3-BF4B-00C04F79EFBC}") = "DNACreator", "DNACreator\DNACreator.csproj", "{9863324F-55B2-4607-9C52-18928AC091F0}"
EndProject
Global
	GlobalSection(SolutionConfigurationPlatforms) = preSolution
		Debug|x86 = Debug|x86
		Release|x86 = Release|x86
	EndGlobalSection
	GlobalSection(ProjectConfigurationPlatforms) = postSolution
		{9863324F-55B2-4607-9C52-18928AC091F0}.Debug|x86.ActiveCfg = Debug|x86
		{9863324F-55B2-4607-9C52-18928AC091F0}.Debug|x86.Build.0 = Debug|x86
		{9863324F-55B2-4607-9C52-18928AC091F0}.Release|x86.ActiveCfg = Release|x86
		{9863324F-55B2-4607-9C52-18928AC091F0}.Release|x86.Build.0 = Release|x86
	EndGlobalSection
	GlobalSection(SolutionProperties) = preSolution
		HideSolutionNode = FALSE
	EndGlobalSection
EndGlobal
